{
  "version": 4,
  "terraform_version": "1.2.8",
  "serial": 5,
  "lineage": "eead2bf7-0574-cee3-7930-b2b4432d205f",
  "outputs": {},
  "resources": [
    {
      "mode": "data",
      "type": "aws_availability_zones",
      "name": "available",
      "provider": "provider[\"registry.terraform.io/hashicorp/aws\"]",
      "instances": [
        {
          "schema_version": 0,
          "attributes": {
            "all_availability_zones": null,
            "exclude_names": null,
            "exclude_zone_ids": null,
            "filter": null,
            "group_names": [
              "us-east-1"
            ],
            "id": "us-east-1",
            "names": [
              "us-east-1a",
              "us-east-1b",
              "us-east-1c",
              "us-east-1d",
              "us-east-1e",
              "us-east-1f"
            ],
            "state": "available",
            "zone_ids": [
              "use1-az6",
              "use1-az1",
              "use1-az2",
              "use1-az4",
              "use1-az3",
              "use1-az5"
            ]
          },
          "sensitive_attributes": []
        }
      ]
    },
    {
      "mode": "managed",
      "type": "aws_eip",
      "name": "nat",
      "provider": "provider[\"registry.terraform.io/hashicorp/aws\"]",
      "instances": [
        {
          "index_key": 0,
          "schema_version": 0,
          "attributes": {
            "address": null,
            "allocation_id": "eipalloc-07fcb9243a7fae1ee",
            "associate_with_private_ip": null,
            "association_id": "eipassoc-0bba6408c39abeb59",
            "carrier_ip": "",
            "customer_owned_ip": "",
            "customer_owned_ipv4_pool": "",
            "domain": "vpc",
            "id": "eipalloc-07fcb9243a7fae1ee",
            "instance": "",
            "network_border_group": "us-east-1",
            "network_interface": "eni-0788eed9928612ff7",
            "private_dns": "ip-10-0-0-239.ec2.internal",
            "private_ip": "10.0.0.239",
            "public_dns": "ec2-3-224-107-105.compute-1.amazonaws.com",
            "public_ip": "3.224.107.105",
            "public_ipv4_pool": "amazon",
            "tags": {},
            "tags_all": {},
            "timeouts": null,
            "vpc": true
          },
          "sensitive_attributes": [],
          "private": "eyJlMmJmYjczMC1lY2FhLTExZTYtOGY4OC0zNDM2M2JjN2M0YzAiOnsiZGVsZXRlIjoxODAwMDAwMDAwMDAsInJlYWQiOjkwMDAwMDAwMDAwMCwidXBkYXRlIjozMDAwMDAwMDAwMDB9fQ=="
        },
        {
          "index_key": 1,
          "schema_version": 0,
          "attributes": {
            "address": null,
            "allocation_id": "eipalloc-0cc74c4aa1bf3e084",
            "associate_with_private_ip": null,
            "association_id": "eipassoc-0b7684de80fc90b2f",
            "carrier_ip": "",
            "customer_owned_ip": "",
            "customer_owned_ipv4_pool": "",
            "domain": "vpc",
            "id": "eipalloc-0cc74c4aa1bf3e084",
            "instance": "",
            "network_border_group": "us-east-1",
            "network_interface": "eni-00c854018e6e04370",
            "private_dns": "ip-10-0-1-200.ec2.internal",
            "private_ip": "10.0.1.200",
            "public_dns": "ec2-34-198-193-102.compute-1.amazonaws.com",
            "public_ip": "34.198.193.102",
            "public_ipv4_pool": "amazon",
            "tags": {},
            "tags_all": {},
            "timeouts": null,
            "vpc": true
          },
          "sensitive_attributes": [],
          "private": "eyJlMmJmYjczMC1lY2FhLTExZTYtOGY4OC0zNDM2M2JjN2M0YzAiOnsiZGVsZXRlIjoxODAwMDAwMDAwMDAsInJlYWQiOjkwMDAwMDAwMDAwMCwidXBkYXRlIjozMDAwMDAwMDAwMDB9fQ=="
        }
      ]
    },
    {
      "mode": "managed",
      "type": "aws_eks_cluster",
      "name": "main_cluster",
      "provider": "provider[\"registry.terraform.io/hashicorp/aws\"]",
      "instances": [
        {
          "schema_version": 0,
          "attributes": {
            "arn": "arn:aws:eks:us-east-1:142180047173:cluster/kubernetes_task-main-cluster",
            "certificate_authority": [
              {
                "data": "LS0tLS1CRUdJTiBDRVJUSUZJQ0FURS0tLS0tCk1JSUMvakNDQWVhZ0F3SUJBZ0lCQURBTkJna3Foa2lHOXcwQkFRc0ZBREFWTVJNd0VRWURWUVFERXdwcmRXSmwKY201bGRHVnpNQjRYRFRJeU1USXlNVEE1TVRFMU1sb1hEVE15TVRJeE9EQTVNVEUxTWxvd0ZURVRNQkVHQTFVRQpBeE1LYTNWaVpYSnVaWFJsY3pDQ0FTSXdEUVlKS29aSWh2Y05BUUVCQlFBRGdnRVBBRENDQVFvQ2dnRUJBTWtsCmZEK3U1RGg0QU9PZE0vdmhTK1lzbXJnRFl5QVNJY0wxKzRjNkc4eFcxaVkrMStUd3YvNXFaWi95bHJ2a2kvSGsKN1o4NE5jdk1qWlhqeGVZTFlLVTRPbHl5dEU1c0lMME91Q2FheHhrdjdpMFIrdFR3YmFOZTNQT3pEMi9wL3Rmdwo2TUVYRk1QU2ZKb1lXU1hyNTlLdmNsSzkvSGJtWnRwWDRRSi94R2Rrd2d0U1JtV3hjTDFOaTRubzQ0ZnBsWmI1CkxSWVBaL20zbTVQVG1JNHJ3TUJyNjNvT2V4TWQ1ZTVJZGNNdEtmSGNqVGpCYmR5VmY1K3Ara2NlYUJnK3lMNlMKTWtINTRTcG04RC9yVlRIVnhWS1pyUGx1cFoxRnJzVU1KdnZaWFhpdm9xYkNsYlc2UzRMbEJOUHhYcW4xNHVQOApwamMrd0Zac0FGK2ZtZVBRVzRzQ0F3RUFBYU5aTUZjd0RnWURWUjBQQVFIL0JBUURBZ0trTUE4R0ExVWRFd0VCCi93UUZNQU1CQWY4d0hRWURWUjBPQkJZRUZLaGY3bkZJNmtrM3ptS2VhNlQzdEs3WHNBQytNQlVHQTFVZEVRUU8KTUF5Q0NtdDFZbVZ5Ym1WMFpYTXdEUVlKS29aSWh2Y05BUUVMQlFBRGdnRUJBTC9iUEs5QjBPWVo4UFB2QUVNUApqT3JNaWRIWlg2eEdEekZiNWRyS0RLZzZSemovVHhTeHBNU3B4aDRiZzhkSktBSXB2ay91d0c3a2djalVybkpVClcxeFNrYnAvSnBUYnNuZ1lWbkYzVEFHS2FETWVyQ0VxaSs4cFpDRm5nNWl4ajVSL1RXUGc1LzcyWFpOQmVDTmUKUHlsRWc2VCs4VUNPZFRhaElpWjNMZlhGNkQ4bWZPb3I4Snk3ME9VZzgrTjIrckxrZ2plNEJ6cVdCVFZEQW5EQQo0ZllOaWZtNmphdk4xdzNEVk1UT0JXQzVkQlpGZUR4M05raTQ3dlBERmpOTXAvaTlnaWRvTzAwUGNsZEE5azVhCmQ3VWZVQXVjTHhHa20wOEgxQTV3ZjRyUWM4VVdmRHlrbkVPcWxnaEVwQTJ0WjROdWdxbEd2VkJ5cnEzUS94VFUKWWhNPQotLS0tLUVORCBDRVJUSUZJQ0FURS0tLS0tCg=="
              }
            ],
            "created_at": "2022-12-21 09:05:10.013 +0000 UTC",
            "enabled_cluster_log_types": [],
            "encryption_config": [],
            "endpoint": "https://F99726C95A9E373F42DB6A7A417DFAF8.gr7.us-east-1.eks.amazonaws.com",
            "id": "kubernetes_task-main-cluster",
            "identity": [
              {
                "oidc": [
                  {
                    "issuer": "https://oidc.eks.us-east-1.amazonaws.com/id/F99726C95A9E373F42DB6A7A417DFAF8"
                  }
                ]
              }
            ],
            "kubernetes_network_config": [
              {
                "ip_family": "ipv4",
                "service_ipv4_cidr": "172.20.0.0/16"
              }
            ],
            "name": "kubernetes_task-main-cluster",
            "platform_version": "eks.5",
            "role_arn": "arn:aws:iam::142180047173:role/kubernetes_task-eks-cluster",
            "status": "ACTIVE",
            "tags": {},
            "tags_all": {},
            "timeouts": null,
            "version": "1.23",
            "vpc_config": [
              {
                "cluster_security_group_id": "sg-0bfbbcb8652a60708",
                "endpoint_private_access": false,
                "endpoint_public_access": true,
                "public_access_cidrs": [
                  "0.0.0.0/0"
                ],
                "security_group_ids": [],
                "subnet_ids": [
                  "subnet-02343820dfaf78ae2",
                  "subnet-0d79b742df40eb6fb"
                ],
                "vpc_id": "vpc-09cb0947cec8d4fc6"
              }
            ]
          },
          "sensitive_attributes": [],
          "private": "eyJlMmJmYjczMC1lY2FhLTExZTYtOGY4OC0zNDM2M2JjN2M0YzAiOnsiY3JlYXRlIjoxODAwMDAwMDAwMDAwLCJkZWxldGUiOjkwMDAwMDAwMDAwMCwidXBkYXRlIjozNjAwMDAwMDAwMDAwfX0=",
          "dependencies": [
            "aws_iam_role.main_role",
            "aws_subnet.public",
            "aws_vpc.main",
            "data.aws_availability_zones.available"
          ]
        }
      ]
    },
    {
      "mode": "managed",
      "type": "aws_eks_node_group",
      "name": "main_nodegroup",
      "provider": "provider[\"registry.terraform.io/hashicorp/aws\"]",
      "instances": [
        {
          "schema_version": 0,
          "attributes": {
            "ami_type": "AL2_x86_64",
            "arn": "arn:aws:eks:us-east-1:142180047173:nodegroup/kubernetes_task-main-cluster/kubernetes_task-main_nodegroup/5ac299fc-05a8-70d7-7a17-80664412664b",
            "capacity_type": "ON_DEMAND",
            "cluster_name": "kubernetes_task-main-cluster",
            "disk_size": 20,
            "force_update_version": null,
            "id": "kubernetes_task-main-cluster:kubernetes_task-main_nodegroup",
            "instance_types": [
              "t3.medium"
            ],
            "labels": {},
            "launch_template": [],
            "node_group_name": "kubernetes_task-main_nodegroup",
            "node_group_name_prefix": "",
            "node_role_arn": "arn:aws:iam::142180047173:role/kubernetes_task-eks-node-group",
            "release_version": "1.23.13-20221112",
            "remote_access": [],
            "resources": [
              {
                "autoscaling_groups": [
                  {
                    "name": "eks-kubernetes_task-main_nodegroup-5ac299fc-05a8-70d7-7a17-80664412664b"
                  }
                ],
                "remote_access_security_group_id": ""
              }
            ],
            "scaling_config": [
              {
                "desired_size": 1,
                "max_size": 2,
                "min_size": 1
              }
            ],
            "status": "ACTIVE",
            "subnet_ids": [
              "subnet-02343820dfaf78ae2",
              "subnet-0d79b742df40eb6fb"
            ],
            "tags": {},
            "tags_all": {},
            "taint": [],
            "timeouts": null,
            "update_config": [
              {
                "max_unavailable": 1,
                "max_unavailable_percentage": 0
              }
            ],
            "version": "1.23"
          },
          "sensitive_attributes": [],
          "private": "eyJlMmJmYjczMC1lY2FhLTExZTYtOGY4OC0zNDM2M2JjN2M0YzAiOnsiY3JlYXRlIjozNjAwMDAwMDAwMDAwLCJkZWxldGUiOjM2MDAwMDAwMDAwMDAsInVwZGF0ZSI6MzYwMDAwMDAwMDAwMH19",
          "dependencies": [
            "aws_eks_cluster.main_cluster",
            "aws_iam_role.main_role",
            "aws_iam_role.node_role",
            "aws_subnet.public",
            "aws_vpc.main",
            "data.aws_availability_zones.available"
          ]
        }
      ]
    },
    {
      "mode": "managed",
      "type": "aws_iam_role",
      "name": "main_role",
      "provider": "provider[\"registry.terraform.io/hashicorp/aws\"]",
      "instances": [
        {
          "schema_version": 0,
          "attributes": {
            "arn": "arn:aws:iam::142180047173:role/kubernetes_task-eks-cluster",
            "assume_role_policy": "{\"Version\":\"2012-10-17\",\"Statement\":[{\"Effect\":\"Allow\",\"Principal\":{\"Service\":\"eks.amazonaws.com\"},\"Action\":\"sts:AssumeRole\"}]}",
            "create_date": "2022-12-21T09:04:42Z",
            "description": "",
            "force_detach_policies": false,
            "id": "kubernetes_task-eks-cluster",
            "inline_policy": [
              {
                "name": "",
                "policy": ""
              }
            ],
            "managed_policy_arns": [
              "arn:aws:iam::aws:policy/AmazonEKSClusterPolicy",
              "arn:aws:iam::aws:policy/AmazonEKSServicePolicy"
            ],
            "max_session_duration": 3600,
            "name": "kubernetes_task-eks-cluster",
            "name_prefix": "",
            "path": "/",
            "permissions_boundary": null,
            "tags": {},
            "tags_all": {},
            "unique_id": "AROASCGUXLFC3TUASJ2XS"
          },
          "sensitive_attributes": [],
          "private": "bnVsbA=="
        }
      ]
    },
    {
      "mode": "managed",
      "type": "aws_iam_role",
      "name": "node_role",
      "provider": "provider[\"registry.terraform.io/hashicorp/aws\"]",
      "instances": [
        {
          "schema_version": 0,
          "attributes": {
            "arn": "arn:aws:iam::142180047173:role/kubernetes_task-eks-node-group",
            "assume_role_policy": "{\"Version\":\"2012-10-17\",\"Statement\":[{\"Effect\":\"Allow\",\"Principal\":{\"Service\":\"ec2.amazonaws.com\"},\"Action\":\"sts:AssumeRole\"}]}",
            "create_date": "2022-12-21T09:04:42Z",
            "description": "",
            "force_detach_policies": false,
            "id": "kubernetes_task-eks-node-group",
            "inline_policy": [
              {
                "name": "",
                "policy": ""
              }
            ],
            "managed_policy_arns": [
              "arn:aws:iam::aws:policy/AmazonEC2ContainerRegistryReadOnly",
              "arn:aws:iam::aws:policy/AmazonEKSWorkerNodePolicy",
              "arn:aws:iam::aws:policy/AmazonEKS_CNI_Policy",
              "arn:aws:iam::aws:policy/CloudWatchAgentServerPolicy"
            ],
            "max_session_duration": 3600,
            "name": "kubernetes_task-eks-node-group",
            "name_prefix": "",
            "path": "/",
            "permissions_boundary": null,
            "tags": {},
            "tags_all": {},
            "unique_id": "AROASCGUXLFCTP6I5CTLP"
          },
          "sensitive_attributes": [],
          "private": "bnVsbA=="
        }
      ]
    },
    {
      "mode": "managed",
      "type": "aws_internet_gateway",
      "name": "main",
      "provider": "provider[\"registry.terraform.io/hashicorp/aws\"]",
      "instances": [
        {
          "schema_version": 0,
          "attributes": {
            "arn": "arn:aws:ec2:us-east-1:142180047173:internet-gateway/igw-01c93730d4e389ba6",
            "id": "igw-01c93730d4e389ba6",
            "owner_id": "142180047173",
            "tags": {
              "Name": "kubernetes_task-main"
            },
            "tags_all": {
              "Name": "kubernetes_task-main"
            },
            "vpc_id": "vpc-09cb0947cec8d4fc6"
          },
          "sensitive_attributes": [],
          "private": "bnVsbA==",
          "dependencies": [
            "aws_vpc.main"
          ]
        }
      ]
    },
    {
      "mode": "managed",
      "type": "aws_nat_gateway",
      "name": "main",
      "provider": "provider[\"registry.terraform.io/hashicorp/aws\"]",
      "instances": [
        {
          "index_key": 0,
          "schema_version": 0,
          "attributes": {
            "allocation_id": "eipalloc-07fcb9243a7fae1ee",
            "connectivity_type": "public",
            "id": "nat-0caea6b585507aa22",
            "network_interface_id": "eni-0788eed9928612ff7",
            "private_ip": "10.0.0.239",
            "public_ip": "3.224.107.105",
            "subnet_id": "subnet-02343820dfaf78ae2",
            "tags": {
              "Name": "kubernetes_task-main"
            },
            "tags_all": {
              "Name": "kubernetes_task-main"
            }
          },
          "sensitive_attributes": [],
          "private": "bnVsbA==",
          "dependencies": [
            "aws_eip.nat",
            "aws_subnet.public",
            "aws_vpc.main",
            "data.aws_availability_zones.available"
          ]
        },
        {
          "index_key": 1,
          "schema_version": 0,
          "attributes": {
            "allocation_id": "eipalloc-0cc74c4aa1bf3e084",
            "connectivity_type": "public",
            "id": "nat-03fdcc7fa7ad12bf0",
            "network_interface_id": "eni-00c854018e6e04370",
            "private_ip": "10.0.1.200",
            "public_ip": "34.198.193.102",
            "subnet_id": "subnet-0d79b742df40eb6fb",
            "tags": {
              "Name": "kubernetes_task-main"
            },
            "tags_all": {
              "Name": "kubernetes_task-main"
            }
          },
          "sensitive_attributes": [],
          "private": "bnVsbA==",
          "dependencies": [
            "aws_eip.nat",
            "aws_subnet.public",
            "aws_vpc.main",
            "data.aws_availability_zones.available"
          ]
        }
      ]
    },
    {
      "mode": "managed",
      "type": "aws_subnet",
      "name": "public",
      "provider": "provider[\"registry.terraform.io/hashicorp/aws\"]",
      "instances": [
        {
          "index_key": 0,
          "schema_version": 1,
          "attributes": {
            "arn": "arn:aws:ec2:us-east-1:142180047173:subnet/subnet-02343820dfaf78ae2",
            "assign_ipv6_address_on_creation": false,
            "availability_zone": "us-east-1a",
            "availability_zone_id": "use1-az6",
            "cidr_block": "10.0.0.0/24",
            "customer_owned_ipv4_pool": "",
            "enable_dns64": false,
            "enable_resource_name_dns_a_record_on_launch": false,
            "enable_resource_name_dns_aaaa_record_on_launch": false,
            "id": "subnet-02343820dfaf78ae2",
            "ipv6_cidr_block": "",
            "ipv6_cidr_block_association_id": "",
            "ipv6_native": false,
            "map_customer_owned_ip_on_launch": false,
            "map_public_ip_on_launch": true,
            "outpost_arn": "",
            "owner_id": "142180047173",
            "private_dns_hostname_type_on_launch": "ip-name",
            "tags": {
              "Name": "kubernetes_task-public0"
            },
            "tags_all": {
              "Name": "kubernetes_task-public0"
            },
            "timeouts": null,
            "vpc_id": "vpc-09cb0947cec8d4fc6"
          },
          "sensitive_attributes": [],
          "private": "eyJlMmJmYjczMC1lY2FhLTExZTYtOGY4OC0zNDM2M2JjN2M0YzAiOnsiY3JlYXRlIjo2MDAwMDAwMDAwMDAsImRlbGV0ZSI6MTIwMDAwMDAwMDAwMH0sInNjaGVtYV92ZXJzaW9uIjoiMSJ9",
          "dependencies": [
            "aws_vpc.main",
            "data.aws_availability_zones.available"
          ]
        },
        {
          "index_key": 1,
          "schema_version": 1,
          "attributes": {
            "arn": "arn:aws:ec2:us-east-1:142180047173:subnet/subnet-0d79b742df40eb6fb",
            "assign_ipv6_address_on_creation": false,
            "availability_zone": "us-east-1b",
            "availability_zone_id": "use1-az1",
            "cidr_block": "10.0.1.0/24",
            "customer_owned_ipv4_pool": "",
            "enable_dns64": false,
            "enable_resource_name_dns_a_record_on_launch": false,
            "enable_resource_name_dns_aaaa_record_on_launch": false,
            "id": "subnet-0d79b742df40eb6fb",
            "ipv6_cidr_block": "",
            "ipv6_cidr_block_association_id": "",
            "ipv6_native": false,
            "map_customer_owned_ip_on_launch": false,
            "map_public_ip_on_launch": true,
            "outpost_arn": "",
            "owner_id": "142180047173",
            "private_dns_hostname_type_on_launch": "ip-name",
            "tags": {
              "Name": "kubernetes_task-public1"
            },
            "tags_all": {
              "Name": "kubernetes_task-public1"
            },
            "timeouts": null,
            "vpc_id": "vpc-09cb0947cec8d4fc6"
          },
          "sensitive_attributes": [],
          "private": "eyJlMmJmYjczMC1lY2FhLTExZTYtOGY4OC0zNDM2M2JjN2M0YzAiOnsiY3JlYXRlIjo2MDAwMDAwMDAwMDAsImRlbGV0ZSI6MTIwMDAwMDAwMDAwMH0sInNjaGVtYV92ZXJzaW9uIjoiMSJ9",
          "dependencies": [
            "aws_vpc.main",
            "data.aws_availability_zones.available"
          ]
        }
      ]
    },
    {
      "mode": "managed",
      "type": "aws_vpc",
      "name": "main",
      "provider": "provider[\"registry.terraform.io/hashicorp/aws\"]",
      "instances": [
        {
          "schema_version": 1,
          "attributes": {
            "arn": "arn:aws:ec2:us-east-1:142180047173:vpc/vpc-09cb0947cec8d4fc6",
            "assign_generated_ipv6_cidr_block": false,
            "cidr_block": "10.0.0.0/16",
            "default_network_acl_id": "acl-0184f6a9c36b82a20",
            "default_route_table_id": "rtb-0460dbe515174003a",
            "default_security_group_id": "sg-02c7f743e1a3ff807",
            "dhcp_options_id": "dopt-0a7589aab347ab4da",
            "enable_classiclink": false,
            "enable_classiclink_dns_support": false,
            "enable_dns_hostnames": false,
            "enable_dns_support": true,
            "id": "vpc-09cb0947cec8d4fc6",
            "instance_tenancy": "default",
            "ipv4_ipam_pool_id": null,
            "ipv4_netmask_length": null,
            "ipv6_association_id": "",
            "ipv6_cidr_block": "",
            "ipv6_cidr_block_network_border_group": "",
            "ipv6_ipam_pool_id": "",
            "ipv6_netmask_length": 0,
            "main_route_table_id": "rtb-0460dbe515174003a",
            "owner_id": "142180047173",
            "tags": {},
            "tags_all": {}
          },
          "sensitive_attributes": [],
          "private": "eyJzY2hlbWFfdmVyc2lvbiI6IjEifQ=="
        }
      ]
    }
  ]
}
